// !$*UTF8*$!
{
	archiveVersion = 1;
	classes = {
	};
	objectVersion = 56;
	objects = {

/* Begin PBXBuildFile section */
		4500CA772B227D8C00BDBC2B /* CurrentBitcoinView.swift in Sources */ = {isa = PBXBuildFile; fileRef = 4500CA762B227D8C00BDBC2B /* CurrentBitcoinView.swift */; };
		4500CA802B27108600BDBC2B /* StoredHistoricalRate+CoreDataClass.swift in Sources */ = {isa = PBXBuildFile; fileRef = 4500CA7E2B27108600BDBC2B /* StoredHistoricalRate+CoreDataClass.swift */; };
		4500CA812B27108600BDBC2B /* StoredHistoricalRate+CoreDataProperties.swift in Sources */ = {isa = PBXBuildFile; fileRef = 4500CA7F2B27108600BDBC2B /* StoredHistoricalRate+CoreDataProperties.swift */; };
		459366352B1F599500E78B67 /* BitcoinTrackerApp.swift in Sources */ = {isa = PBXBuildFile; fileRef = 459366342B1F599500E78B67 /* BitcoinTrackerApp.swift */; };
		459366392B1F599600E78B67 /* Assets.xcassets in Resources */ = {isa = PBXBuildFile; fileRef = 459366382B1F599600E78B67 /* Assets.xcassets */; };
		4593663C2B1F599600E78B67 /* Preview Assets.xcassets in Resources */ = {isa = PBXBuildFile; fileRef = 4593663B2B1F599600E78B67 /* Preview Assets.xcassets */; };
		459366432B1F59C400E78B67 /* HomeView.swift in Sources */ = {isa = PBXBuildFile; fileRef = 459366422B1F59C400E78B67 /* HomeView.swift */; };
		4593664A2B1F5A5000E78B67 /* ExchangeCurrency.swift in Sources */ = {isa = PBXBuildFile; fileRef = 459366492B1F5A5000E78B67 /* ExchangeCurrency.swift */; };
		4593664F2B1F5B4300E78B67 /* dev.swift in Sources */ = {isa = PBXBuildFile; fileRef = 4593664E2B1F5B4300E78B67 /* dev.swift */; };
		459366572B1F649800E78B67 /* APIServiceTests.swift in Sources */ = {isa = PBXBuildFile; fileRef = 459366562B1F649800E78B67 /* APIServiceTests.swift */; };
		459366602B1F911E00E78B67 /* HomeViewModel.swift in Sources */ = {isa = PBXBuildFile; fileRef = 4593665F2B1F911E00E78B67 /* HomeViewModel.swift */; };
		459366662B1F93FE00E78B67 /* BitcoinTrackerModel.swift in Sources */ = {isa = PBXBuildFile; fileRef = 459366652B1F93FE00E78B67 /* BitcoinTrackerModel.swift */; };
		459366682B1FD42C00E78B67 /* HistoricalBitcoinData.swift in Sources */ = {isa = PBXBuildFile; fileRef = 459366672B1FD42C00E78B67 /* HistoricalBitcoinData.swift */; };
		4593666E2B21248700E78B67 /* DataController.swift in Sources */ = {isa = PBXBuildFile; fileRef = 4593666D2B21248700E78B67 /* DataController.swift */; };
		459366702B212C8F00E78B67 /* UserDefaults.swift in Sources */ = {isa = PBXBuildFile; fileRef = 4593666F2B212C8F00E78B67 /* UserDefaults.swift */; };
		459366732B21C2FB00E78B67 /* BitcoinTracker.xcdatamodeld in Sources */ = {isa = PBXBuildFile; fileRef = 459366712B21C2FB00E78B67 /* BitcoinTracker.xcdatamodeld */; };
		45F5F9A62B21F48E00B8B347 /* APIService.swift in Sources */ = {isa = PBXBuildFile; fileRef = 45F5F9A52B21F48E00B8B347 /* APIService.swift */; };
		45F5F9A92B21FA8800B8B347 /* CoreDataService.swift in Sources */ = {isa = PBXBuildFile; fileRef = 45F5F9A82B21FA8800B8B347 /* CoreDataService.swift */; };
/* End PBXBuildFile section */

/* Begin PBXContainerItemProxy section */
		459366582B1F649800E78B67 /* PBXContainerItemProxy */ = {
			isa = PBXContainerItemProxy;
			containerPortal = 459366292B1F599500E78B67 /* Project object */;
			proxyType = 1;
			remoteGlobalIDString = 459366302B1F599500E78B67;
			remoteInfo = BitcoinTracker;
		};
/* End PBXContainerItemProxy section */

/* Begin PBXFileReference section */
		4500CA762B227D8C00BDBC2B /* CurrentBitcoinView.swift */ = {isa = PBXFileReference; lastKnownFileType = sourcecode.swift; path = CurrentBitcoinView.swift; sourceTree = "<group>"; };
		4500CA7E2B27108600BDBC2B /* StoredHistoricalRate+CoreDataClass.swift */ = {isa = PBXFileReference; lastKnownFileType = sourcecode.swift; path = "StoredHistoricalRate+CoreDataClass.swift"; sourceTree = "<group>"; };
		4500CA7F2B27108600BDBC2B /* StoredHistoricalRate+CoreDataProperties.swift */ = {isa = PBXFileReference; lastKnownFileType = sourcecode.swift; path = "StoredHistoricalRate+CoreDataProperties.swift"; sourceTree = "<group>"; };
		459366312B1F599500E78B67 /* BitcoinTracker.app */ = {isa = PBXFileReference; explicitFileType = wrapper.application; includeInIndex = 0; path = BitcoinTracker.app; sourceTree = BUILT_PRODUCTS_DIR; };
		459366342B1F599500E78B67 /* BitcoinTrackerApp.swift */ = {isa = PBXFileReference; lastKnownFileType = sourcecode.swift; path = BitcoinTrackerApp.swift; sourceTree = "<group>"; };
		459366382B1F599600E78B67 /* Assets.xcassets */ = {isa = PBXFileReference; lastKnownFileType = folder.assetcatalog; path = Assets.xcassets; sourceTree = "<group>"; };
		4593663B2B1F599600E78B67 /* Preview Assets.xcassets */ = {isa = PBXFileReference; lastKnownFileType = folder.assetcatalog; path = "Preview Assets.xcassets"; sourceTree = "<group>"; };
		459366422B1F59C400E78B67 /* HomeView.swift */ = {isa = PBXFileReference; lastKnownFileType = sourcecode.swift; path = HomeView.swift; sourceTree = "<group>"; };
		459366492B1F5A5000E78B67 /* ExchangeCurrency.swift */ = {isa = PBXFileReference; lastKnownFileType = sourcecode.swift; path = ExchangeCurrency.swift; sourceTree = "<group>"; };
		4593664E2B1F5B4300E78B67 /* dev.swift */ = {isa = PBXFileReference; lastKnownFileType = sourcecode.swift; path = dev.swift; sourceTree = "<group>"; };
		459366542B1F649800E78B67 /* APIServiceTests.xctest */ = {isa = PBXFileReference; explicitFileType = wrapper.cfbundle; includeInIndex = 0; path = APIServiceTests.xctest; sourceTree = BUILT_PRODUCTS_DIR; };
		459366562B1F649800E78B67 /* APIServiceTests.swift */ = {isa = PBXFileReference; lastKnownFileType = sourcecode.swift; path = APIServiceTests.swift; sourceTree = "<group>"; };
		4593665F2B1F911E00E78B67 /* HomeViewModel.swift */ = {isa = PBXFileReference; lastKnownFileType = sourcecode.swift; path = HomeViewModel.swift; sourceTree = "<group>"; };
		459366652B1F93FE00E78B67 /* BitcoinTrackerModel.swift */ = {isa = PBXFileReference; lastKnownFileType = sourcecode.swift; path = BitcoinTrackerModel.swift; sourceTree = "<group>"; };
		459366672B1FD42C00E78B67 /* HistoricalBitcoinData.swift */ = {isa = PBXFileReference; lastKnownFileType = sourcecode.swift; path = HistoricalBitcoinData.swift; sourceTree = "<group>"; };
		4593666D2B21248700E78B67 /* DataController.swift */ = {isa = PBXFileReference; lastKnownFileType = sourcecode.swift; path = DataController.swift; sourceTree = "<group>"; };
		4593666F2B212C8F00E78B67 /* UserDefaults.swift */ = {isa = PBXFileReference; lastKnownFileType = sourcecode.swift; path = UserDefaults.swift; sourceTree = "<group>"; };
		459366722B21C2FB00E78B67 /* BitcoinTracker.xcdatamodel */ = {isa = PBXFileReference; lastKnownFileType = wrapper.xcdatamodel; path = BitcoinTracker.xcdatamodel; sourceTree = "<group>"; };
		45F5F9A52B21F48E00B8B347 /* APIService.swift */ = {isa = PBXFileReference; lastKnownFileType = sourcecode.swift; path = APIService.swift; sourceTree = "<group>"; };
		45F5F9A82B21FA8800B8B347 /* CoreDataService.swift */ = {isa = PBXFileReference; lastKnownFileType = sourcecode.swift; path = CoreDataService.swift; sourceTree = "<group>"; };
		45F5F9AD2B2265BB00B8B347 /* Info.plist */ = {isa = PBXFileReference; lastKnownFileType = text.plist; path = Info.plist; sourceTree = "<group>"; };
/* End PBXFileReference section */

/* Begin PBXFrameworksBuildPhase section */
		4593662E2B1F599500E78B67 /* Frameworks */ = {
			isa = PBXFrameworksBuildPhase;
			buildActionMask = 2147483647;
			files = (
			);
			runOnlyForDeploymentPostprocessing = 0;
		};
		459366512B1F649800E78B67 /* Frameworks */ = {
			isa = PBXFrameworksBuildPhase;
			buildActionMask = 2147483647;
			files = (
			);
			runOnlyForDeploymentPostprocessing = 0;
		};
/* End PBXFrameworksBuildPhase section */

/* Begin PBXGroup section */
		459366282B1F599500E78B67 = {
			isa = PBXGroup;
			children = (
				459366332B1F599500E78B67 /* BitcoinTracker */,
				459366552B1F649800E78B67 /* APIServiceTests */,
				459366322B1F599500E78B67 /* Products */,
			);
			sourceTree = "<group>";
		};
		459366322B1F599500E78B67 /* Products */ = {
			isa = PBXGroup;
			children = (
				459366312B1F599500E78B67 /* BitcoinTracker.app */,
				459366542B1F649800E78B67 /* APIServiceTests.xctest */,
			);
			name = Products;
			sourceTree = "<group>";
		};
		459366332B1F599500E78B67 /* BitcoinTracker */ = {
			isa = PBXGroup;
			children = (
				45F5F9AD2B2265BB00B8B347 /* Info.plist */,
				459366342B1F599500E78B67 /* BitcoinTrackerApp.swift */,
				4593665E2B1F90F200E78B67 /* HomeView */,
				45F5F9A72B21FA7100B8B347 /* Services */,
				459366482B1F5A3E00E78B67 /* Model */,
				459366382B1F599600E78B67 /* Assets.xcassets */,
				4593664E2B1F5B4300E78B67 /* dev.swift */,
				4593663A2B1F599600E78B67 /* Preview Content */,
			);
			path = BitcoinTracker;
			sourceTree = "<group>";
		};
		4593663A2B1F599600E78B67 /* Preview Content */ = {
			isa = PBXGroup;
			children = (
				4593663B2B1F599600E78B67 /* Preview Assets.xcassets */,
			);
			path = "Preview Content";
			sourceTree = "<group>";
		};
		459366482B1F5A3E00E78B67 /* Model */ = {
			isa = PBXGroup;
			children = (
				4593666F2B212C8F00E78B67 /* UserDefaults.swift */,
				459366782B21CBF000E78B67 /* Network */,
				4593666C2B21246B00E78B67 /* CoreData */,
			);
			path = Model;
			sourceTree = "<group>";
		};
		459366552B1F649800E78B67 /* APIServiceTests */ = {
			isa = PBXGroup;
			children = (
				459366562B1F649800E78B67 /* APIServiceTests.swift */,
			);
			path = APIServiceTests;
			sourceTree = "<group>";
		};
		4593665E2B1F90F200E78B67 /* HomeView */ = {
			isa = PBXGroup;
			children = (
				459366612B1F925600E78B67 /* View */,
				459366622B1F929300E78B67 /* ViewModel */,
				459366632B1F934500E78B67 /* Model */,
			);
			path = HomeView;
			sourceTree = "<group>";
		};
		459366612B1F925600E78B67 /* View */ = {
			isa = PBXGroup;
			children = (
				459366422B1F59C400E78B67 /* HomeView.swift */,
				45F5F9AA2B225DF800B8B347 /* ViewComponents */,
			);
			path = View;
			sourceTree = "<group>";
		};
		459366622B1F929300E78B67 /* ViewModel */ = {
			isa = PBXGroup;
			children = (
				4593665F2B1F911E00E78B67 /* HomeViewModel.swift */,
			);
			path = ViewModel;
			sourceTree = "<group>";
		};
		459366632B1F934500E78B67 /* Model */ = {
			isa = PBXGroup;
			children = (
				459366652B1F93FE00E78B67 /* BitcoinTrackerModel.swift */,
			);
			path = Model;
			sourceTree = "<group>";
		};
		4593666C2B21246B00E78B67 /* CoreData */ = {
			isa = PBXGroup;
			children = (
				459366712B21C2FB00E78B67 /* BitcoinTracker.xcdatamodeld */,
				4500CA7E2B27108600BDBC2B /* StoredHistoricalRate+CoreDataClass.swift */,
				4500CA7F2B27108600BDBC2B /* StoredHistoricalRate+CoreDataProperties.swift */,
				4593666D2B21248700E78B67 /* DataController.swift */,
			);
			path = CoreData;
			sourceTree = "<group>";
		};
		459366782B21CBF000E78B67 /* Network */ = {
			isa = PBXGroup;
			children = (
				459366492B1F5A5000E78B67 /* ExchangeCurrency.swift */,
				459366672B1FD42C00E78B67 /* HistoricalBitcoinData.swift */,
			);
			path = Network;
			sourceTree = "<group>";
		};
		45F5F9A72B21FA7100B8B347 /* Services */ = {
			isa = PBXGroup;
			children = (
				45F5F9A52B21F48E00B8B347 /* APIService.swift */,
				45F5F9A82B21FA8800B8B347 /* CoreDataService.swift */,
			);
			path = Services;
			sourceTree = "<group>";
		};
		45F5F9AA2B225DF800B8B347 /* ViewComponents */ = {
			isa = PBXGroup;
			children = (
				4500CA762B227D8C00BDBC2B /* CurrentBitcoinView.swift */,
			);
			path = ViewComponents;
			sourceTree = "<group>";
		};
/* End PBXGroup section */

/* Begin PBXNativeTarget section */
		459366302B1F599500E78B67 /* BitcoinTracker */ = {
			isa = PBXNativeTarget;
			buildConfigurationList = 4593663F2B1F599600E78B67 /* Build configuration list for PBXNativeTarget "BitcoinTracker" */;
			buildPhases = (
				4593662D2B1F599500E78B67 /* Sources */,
				4593662E2B1F599500E78B67 /* Frameworks */,
				4593662F2B1F599500E78B67 /* Resources */,
			);
			buildRules = (
			);
			dependencies = (
			);
			name = BitcoinTracker;
			productName = BitcoinTracker;
			productReference = 459366312B1F599500E78B67 /* BitcoinTracker.app */;
			productType = "com.apple.product-type.application";
		};
		459366532B1F649800E78B67 /* APIServiceTests */ = {
			isa = PBXNativeTarget;
			buildConfigurationList = 4593665A2B1F649800E78B67 /* Build configuration list for PBXNativeTarget "APIServiceTests" */;
			buildPhases = (
				459366502B1F649800E78B67 /* Sources */,
				459366512B1F649800E78B67 /* Frameworks */,
				459366522B1F649800E78B67 /* Resources */,
			);
			buildRules = (
			);
			dependencies = (
				459366592B1F649800E78B67 /* PBXTargetDependency */,
			);
			name = APIServiceTests;
			productName = APIServiceTests;
			productReference = 459366542B1F649800E78B67 /* APIServiceTests.xctest */;
			productType = "com.apple.product-type.bundle.unit-test";
		};
/* End PBXNativeTarget section */

/* Begin PBXProject section */
		459366292B1F599500E78B67 /* Project object */ = {
			isa = PBXProject;
			attributes = {
				BuildIndependentTargetsInParallel = 1;
				LastSwiftUpdateCheck = 1500;
				LastUpgradeCheck = 1500;
				TargetAttributes = {
					459366302B1F599500E78B67 = {
						CreatedOnToolsVersion = 15.0.1;
					};
					459366532B1F649800E78B67 = {
						CreatedOnToolsVersion = 15.0.1;
						TestTargetID = 459366302B1F599500E78B67;
					};
				};
			};
			buildConfigurationList = 4593662C2B1F599500E78B67 /* Build configuration list for PBXProject "BitcoinTracker" */;
			compatibilityVersion = "Xcode 14.0";
			developmentRegion = en;
			hasScannedForEncodings = 0;
			knownRegions = (
				en,
				Base,
			);
			mainGroup = 459366282B1F599500E78B67;
			productRefGroup = 459366322B1F599500E78B67 /* Products */;
			projectDirPath = "";
			projectRoot = "";
			targets = (
				459366302B1F599500E78B67 /* BitcoinTracker */,
				459366532B1F649800E78B67 /* APIServiceTests */,
			);
		};
/* End PBXProject section */

/* Begin PBXResourcesBuildPhase section */
		4593662F2B1F599500E78B67 /* Resources */ = {
			isa = PBXResourcesBuildPhase;
			buildActionMask = 2147483647;
			files = (
				4593663C2B1F599600E78B67 /* Preview Assets.xcassets in Resources */,
				459366392B1F599600E78B67 /* Assets.xcassets in Resources */,
			);
			runOnlyForDeploymentPostprocessing = 0;
		};
		459366522B1F649800E78B67 /* Resources */ = {
			isa = PBXResourcesBuildPhase;
			buildActionMask = 2147483647;
			files = (
			);
			runOnlyForDeploymentPostprocessing = 0;
		};
/* End PBXResourcesBuildPhase section */

/* Begin PBXSourcesBuildPhase section */
		4593662D2B1F599500E78B67 /* Sources */ = {
			isa = PBXSourcesBuildPhase;
			buildActionMask = 2147483647;
			files = (
				45F5F9A92B21FA8800B8B347 /* CoreDataService.swift in Sources */,
				459366662B1F93FE00E78B67 /* BitcoinTrackerModel.swift in Sources */,
				459366732B21C2FB00E78B67 /* BitcoinTracker.xcdatamodeld in Sources */,
				459366432B1F59C400E78B67 /* HomeView.swift in Sources */,
				459366602B1F911E00E78B67 /* HomeViewModel.swift in Sources */,
				4500CA802B27108600BDBC2B /* StoredHistoricalRate+CoreDataClass.swift in Sources */,
				459366352B1F599500E78B67 /* BitcoinTrackerApp.swift in Sources */,
				4500CA772B227D8C00BDBC2B /* CurrentBitcoinView.swift in Sources */,
				4500CA812B27108600BDBC2B /* StoredHistoricalRate+CoreDataProperties.swift in Sources */,
				4593664F2B1F5B4300E78B67 /* dev.swift in Sources */,
				459366702B212C8F00E78B67 /* UserDefaults.swift in Sources */,
				45F5F9A62B21F48E00B8B347 /* APIService.swift in Sources */,
				4593666E2B21248700E78B67 /* DataController.swift in Sources */,
				4593664A2B1F5A5000E78B67 /* ExchangeCurrency.swift in Sources */,
				459366682B1FD42C00E78B67 /* HistoricalBitcoinData.swift in Sources */,
			);
			runOnlyForDeploymentPostprocessing = 0;
		};
		459366502B1F649800E78B67 /* Sources */ = {
			isa = PBXSourcesBuildPhase;
			buildActionMask = 2147483647;
			files = (
				459366572B1F649800E78B67 /* APIServiceTests.swift in Sources */,
			);
			runOnlyForDeploymentPostprocessing = 0;
		};
/* End PBXSourcesBuildPhase section */

/* Begin PBXTargetDependency section */
		459366592B1F649800E78B67 /* PBXTargetDependency */ = {
			isa = PBXTargetDependency;
			target = 459366302B1F599500E78B67 /* BitcoinTracker */;
			targetProxy = 459366582B1F649800E78B67 /* PBXContainerItemProxy */;
		};
/* End PBXTargetDependency section */

/* Begin XCBuildConfiguration section */
		4593663D2B1F599600E78B67 /* Debug */ = {
			isa = XCBuildConfiguration;
			buildSettings = {
				ALWAYS_SEARCH_USER_PATHS = NO;
				ASSETCATALOG_COMPILER_GENERATE_SWIFT_ASSET_SYMBOL_EXTENSIONS = YES;
				CLANG_ANALYZER_NONNULL = YES;
				CLANG_ANALYZER_NUMBER_OBJECT_CONVERSION = YES_AGGRESSIVE;
				CLANG_CXX_LANGUAGE_STANDARD = "gnu++20";
				CLANG_ENABLE_MODULES = YES;
				CLANG_ENABLE_OBJC_ARC = YES;
				CLANG_ENABLE_OBJC_WEAK = YES;
				CLANG_WARN_BLOCK_CAPTURE_AUTORELEASING = YES;
				CLANG_WARN_BOOL_CONVERSION = YES;
				CLANG_WARN_COMMA = YES;
				CLANG_WARN_CONSTANT_CONVERSION = YES;
				CLANG_WARN_DEPRECATED_OBJC_IMPLEMENTATIONS = YES;
				CLANG_WARN_DIRECT_OBJC_ISA_USAGE = YES_ERROR;
				CLANG_WARN_DOCUMENTATION_COMMENTS = YES;
				CLANG_WARN_EMPTY_BODY = YES;
				CLANG_WARN_ENUM_CONVERSION = YES;
				CLANG_WARN_INFINITE_RECURSION = YES;
				CLANG_WARN_INT_CONVERSION = YES;
				CLANG_WARN_NON_LITERAL_NULL_CONVERSION = YES;
				CLANG_WARN_OBJC_IMPLICIT_RETAIN_SELF = YES;
				CLANG_WARN_OBJC_LITERAL_CONVERSION = YES;
				CLANG_WARN_OBJC_ROOT_CLASS = YES_ERROR;
				CLANG_WARN_QUOTED_INCLUDE_IN_FRAMEWORK_HEADER = YES;
				CLANG_WARN_RANGE_LOOP_ANALYSIS = YES;
				CLANG_WARN_STRICT_PROTOTYPES = YES;
				CLANG_WARN_SUSPICIOUS_MOVE = YES;
				CLANG_WARN_UNGUARDED_AVAILABILITY = YES_AGGRESSIVE;
				CLANG_WARN_UNREACHABLE_CODE = YES;
				CLANG_WARN__DUPLICATE_METHOD_MATCH = YES;
				COPY_PHASE_STRIP = NO;
				DEBUG_INFORMATION_FORMAT = dwarf;
				ENABLE_STRICT_OBJC_MSGSEND = YES;
				ENABLE_TESTABILITY = YES;
				ENABLE_USER_SCRIPT_SANDBOXING = YES;
				GCC_C_LANGUAGE_STANDARD = gnu17;
				GCC_DYNAMIC_NO_PIC = NO;
				GCC_NO_COMMON_BLOCKS = YES;
				GCC_OPTIMIZATION_LEVEL = 0;
				GCC_PREPROCESSOR_DEFINITIONS = (
					"DEBUG=1",
					"$(inherited)",
				);
				GCC_WARN_64_TO_32_BIT_CONVERSION = YES;
				GCC_WARN_ABOUT_RETURN_TYPE = YES_ERROR;
				GCC_WARN_UNDECLARED_SELECTOR = YES;
				GCC_WARN_UNINITIALIZED_AUTOS = YES_AGGRESSIVE;
				GCC_WARN_UNUSED_FUNCTION = YES;
				GCC_WARN_UNUSED_VARIABLE = YES;
				IPHONEOS_DEPLOYMENT_TARGET = 16.0;
				LOCALIZATION_PREFERS_STRING_CATALOGS = YES;
				MTL_ENABLE_DEBUG_INFO = INCLUDE_SOURCE;
				MTL_FAST_MATH = YES;
				ONLY_ACTIVE_ARCH = YES;
				SDKROOT = iphoneos;
				SWIFT_ACTIVE_COMPILATION_CONDITIONS = "DEBUG $(inherited)";
				SWIFT_OPTIMIZATION_LEVEL = "-Onone";
			};
			name = Debug;
		};
		4593663E2B1F599600E78B67 /* Release */ = {
			isa = XCBuildConfiguration;
			buildSettings = {
				ALWAYS_SEARCH_USER_PATHS = NO;
				ASSETCATALOG_COMPILER_GENERATE_SWIFT_ASSET_SYMBOL_EXTENSIONS = YES;
				CLANG_ANALYZER_NONNULL = YES;
				CLANG_ANALYZER_NUMBER_OBJECT_CONVERSION = YES_AGGRESSIVE;
				CLANG_CXX_LANGUAGE_STANDARD = "gnu++20";
				CLANG_ENABLE_MODULES = YES;
				CLANG_ENABLE_OBJC_ARC = YES;
				CLANG_ENABLE_OBJC_WEAK = YES;
				CLANG_WARN_BLOCK_CAPTURE_AUTORELEASING = YES;
				CLANG_WARN_BOOL_CONVERSION = YES;
				CLANG_WARN_COMMA = YES;
				CLANG_WARN_CONSTANT_CONVERSION = YES;
				CLANG_WARN_DEPRECATED_OBJC_IMPLEMENTATIONS = YES;
				CLANG_WARN_DIRECT_OBJC_ISA_USAGE = YES_ERROR;
				CLANG_WARN_DOCUMENTATION_COMMENTS = YES;
				CLANG_WARN_EMPTY_BODY = YES;
				CLANG_WARN_ENUM_CONVERSION = YES;
				CLANG_WARN_INFINITE_RECURSION = YES;
				CLANG_WARN_INT_CONVERSION = YES;
				CLANG_WARN_NON_LITERAL_NULL_CONVERSION = YES;
				CLANG_WARN_OBJC_IMPLICIT_RETAIN_SELF = YES;
				CLANG_WARN_OBJC_LITERAL_CONVERSION = YES;
				CLANG_WARN_OBJC_ROOT_CLASS = YES_ERROR;
				CLANG_WARN_QUOTED_INCLUDE_IN_FRAMEWORK_HEADER = YES;
				CLANG_WARN_RANGE_LOOP_ANALYSIS = YES;
				CLANG_WARN_STRICT_PROTOTYPES = YES;
				CLANG_WARN_SUSPICIOUS_MOVE = YES;
				CLANG_WARN_UNGUARDED_AVAILABILITY = YES_AGGRESSIVE;
				CLANG_WARN_UNREACHABLE_CODE = YES;
				CLANG_WARN__DUPLICATE_METHOD_MATCH = YES;
				COPY_PHASE_STRIP = NO;
				DEBUG_INFORMATION_FORMAT = "dwarf-with-dsym";
				ENABLE_NS_ASSERTIONS = NO;
				ENABLE_STRICT_OBJC_MSGSEND = YES;
				ENABLE_USER_SCRIPT_SANDBOXING = YES;
				GCC_C_LANGUAGE_STANDARD = gnu17;
				GCC_NO_COMMON_BLOCKS = YES;
				GCC_WARN_64_TO_32_BIT_CONVERSION = YES;
				GCC_WARN_ABOUT_RETURN_TYPE = YES_ERROR;
				GCC_WARN_UNDECLARED_SELECTOR = YES;
				GCC_WARN_UNINITIALIZED_AUTOS = YES_AGGRESSIVE;
				GCC_WARN_UNUSED_FUNCTION = YES;
				GCC_WARN_UNUSED_VARIABLE = YES;
				IPHONEOS_DEPLOYMENT_TARGET = 16.0;
				LOCALIZATION_PREFERS_STRING_CATALOGS = YES;
				MTL_ENABLE_DEBUG_INFO = NO;
				MTL_FAST_MATH = YES;
				SDKROOT = iphoneos;
				SWIFT_COMPILATION_MODE = wholemodule;
				VALIDATE_PRODUCT = YES;
			};
			name = Release;
		};
		459366402B1F599600E78B67 /* Debug */ = {
			isa = XCBuildConfiguration;
			buildSettings = {
				ASSETCATALOG_COMPILER_APPICON_NAME = AppIcon;
				ASSETCATALOG_COMPILER_GLOBAL_ACCENT_COLOR_NAME = AccentColor;
				CODE_SIGN_STYLE = Automatic;
				CURRENT_PROJECT_VERSION = 1;
				DEVELOPMENT_ASSET_PATHS = "\"BitcoinTracker/Preview Content\"";
				DEVELOPMENT_TEAM = S98C3BL8SB;
				ENABLE_PREVIEWS = YES;
				GENERATE_INFOPLIST_FILE = YES;
				INFOPLIST_FILE = BitcoinTracker/Info.plist;
				INFOPLIST_KEY_UIApplicationSceneManifest_Generation = YES;
				INFOPLIST_KEY_UIApplicationSupportsIndirectInputEvents = YES;
				INFOPLIST_KEY_UILaunchScreen_Generation = YES;
				INFOPLIST_KEY_UIRequiresFullScreen = NO;
				INFOPLIST_KEY_UIStatusBarStyle = "";
				INFOPLIST_KEY_UISupportedInterfaceOrientations = "UIInterfaceOrientationLandscapeLeft UIInterfaceOrientationLandscapeRight UIInterfaceOrientationPortrait";
				INFOPLIST_KEY_UISupportedInterfaceOrientations_iPad = "UIInterfaceOrientationLandscapeLeft UIInterfaceOrientationLandscapeRight UIInterfaceOrientationPortrait UIInterfaceOrientationPortraitUpsideDown";
				IPHONEOS_DEPLOYMENT_TARGET = 16.0;
				LD_RUNPATH_SEARCH_PATHS = (
					"$(inherited)",
					"@executable_path/Frameworks",
				);
				MARKETING_VERSION = 1.0;
				PRODUCT_BUNDLE_IDENTIFIER = PeterSanyo.BitcoinTracker;
				PRODUCT_NAME = "$(TARGET_NAME)";
				SWIFT_EMIT_LOC_STRINGS = YES;
				SWIFT_VERSION = 5.0;
				TARGETED_DEVICE_FAMILY = "1,2";
			};
			name = Debug;
		};
		459366412B1F599600E78B67 /* Release */ = {
			isa = XCBuildConfiguration;
			buildSettings = {
				ASSETCATALOG_COMPILER_APPICON_NAME = AppIcon;
				ASSETCATALOG_COMPILER_GLOBAL_ACCENT_COLOR_NAME = AccentColor;
				CODE_SIGN_STYLE = Automatic;
				CURRENT_PROJECT_VERSION = 1;
				DEVELOPMENT_ASSET_PATHS = "\"BitcoinTracker/Preview Content\"";
				DEVELOPMENT_TEAM = S98C3BL8SB;
				ENABLE_PREVIEWS = YES;
				GENERATE_INFOPLIST_FILE = YES;
				INFOPLIST_FILE = BitcoinTracker/Info.plist;
				INFOPLIST_KEY_UIApplicationSceneManifest_Generation = YES;
				INFOPLIST_KEY_UIApplicationSupportsIndirectInputEvents = YES;
				INFOPLIST_KEY_UILaunchScreen_Generation = YES;
				INFOPLIST_KEY_UIRequiresFullScreen = NO;
				INFOPLIST_KEY_UIStatusBarStyle = "";
				INFOPLIST_KEY_UISupportedInterfaceOrientations = "UIInterfaceOrientationLandscapeLeft UIInterfaceOrientationLandscapeRight UIInterfaceOrientationPortrait";
				INFOPLIST_KEY_UISupportedInterfaceOrientations_iPad = "UIInterfaceOrientationLandscapeLeft UIInterfaceOrientationLandscapeRight UIInterfaceOrientationPortrait UIInterfaceOrientationPortraitUpsideDown";
				IPHONEOS_DEPLOYMENT_TARGET = 16.0;
				LD_RUNPATH_SEARCH_PATHS = (
					"$(inherited)",
					"@executable_path/Frameworks",
				);
				MARKETING_VERSION = 1.0;
				PRODUCT_BUNDLE_IDENTIFIER = PeterSanyo.BitcoinTracker;
				PRODUCT_NAME = "$(TARGET_NAME)";
				SWIFT_EMIT_LOC_STRINGS = YES;
				SWIFT_VERSION = 5.0;
				TARGETED_DEVICE_FAMILY = "1,2";
			};
			name = Release;
		};
		4593665B2B1F649800E78B67 /* Debug */ = {
			isa = XCBuildConfiguration;
			buildSettings = {
				BUNDLE_LOADER = "$(TEST_HOST)";
				CODE_SIGN_STYLE = Automatic;
				CURRENT_PROJECT_VERSION = 1;
				DEVELOPMENT_TEAM = S98C3BL8SB;
				GENERATE_INFOPLIST_FILE = YES;
				MARKETING_VERSION = 1.0;
				PRODUCT_BUNDLE_IDENTIFIER = PeterSanyo.APIServiceTests;
				PRODUCT_NAME = "$(TARGET_NAME)";
				SWIFT_EMIT_LOC_STRINGS = NO;
				SWIFT_VERSION = 5.0;
				TARGETED_DEVICE_FAMILY = "1,2";
				TEST_HOST = "$(BUILT_PRODUCTS_DIR)/BitcoinTracker.app/$(BUNDLE_EXECUTABLE_FOLDER_PATH)/BitcoinTracker";
			};
			name = Debug;
		};
		4593665C2B1F649800E78B67 /* Release */ = {
			isa = XCBuildConfiguration;
			buildSettings = {
				BUNDLE_LOADER = "$(TEST_HOST)";
				CODE_SIGN_STYLE = Automatic;
				CURRENT_PROJECT_VERSION = 1;
				DEVELOPMENT_TEAM = S98C3BL8SB;
				GENERATE_INFOPLIST_FILE = YES;
				MARKETING_VERSION = 1.0;
				PRODUCT_BUNDLE_IDENTIFIER = PeterSanyo.APIServiceTests;
				PRODUCT_NAME = "$(TARGET_NAME)";
				SWIFT_EMIT_LOC_STRINGS = NO;
				SWIFT_VERSION = 5.0;
				TARGETED_DEVICE_FAMILY = "1,2";
				TEST_HOST = "$(BUILT_PRODUCTS_DIR)/BitcoinTracker.app/$(BUNDLE_EXECUTABLE_FOLDER_PATH)/BitcoinTracker";
			};
			name = Release;
		};
/* End XCBuildConfiguration section */

/* Begin XCConfigurationList section */
		4593662C2B1F599500E78B67 /* Build configuration list for PBXProject "BitcoinTracker" */ = {
			isa = XCConfigurationList;
			buildConfigurations = (
				4593663D2B1F599600E78B67 /* Debug */,
				4593663E2B1F599600E78B67 /* Release */,
			);
			defaultConfigurationIsVisible = 0;
			defaultConfigurationName = Release;
		};
		4593663F2B1F599600E78B67 /* Build configuration list for PBXNativeTarget "BitcoinTracker" */ = {
			isa = XCConfigurationList;
			buildConfigurations = (
				459366402B1F599600E78B67 /* Debug */,
				459366412B1F599600E78B67 /* Release */,
			);
			defaultConfigurationIsVisible = 0;
			defaultConfigurationName = Release;
		};
		4593665A2B1F649800E78B67 /* Build configuration list for PBXNativeTarget "APIServiceTests" */ = {
			isa = XCConfigurationList;
			buildConfigurations = (
				4593665B2B1F649800E78B67 /* Debug */,
				4593665C2B1F649800E78B67 /* Release */,
			);
			defaultConfigurationIsVisible = 0;
			defaultConfigurationName = Release;
		};
/* End XCConfigurationList section */

/* Begin XCVersionGroup section */
		459366712B21C2FB00E78B67 /* BitcoinTracker.xcdatamodeld */ = {
			isa = XCVersionGroup;
			children = (
				459366722B21C2FB00E78B67 /* BitcoinTracker.xcdatamodel */,
			);
			currentVersion = 459366722B21C2FB00E78B67 /* BitcoinTracker.xcdatamodel */;
			path = BitcoinTracker.xcdatamodeld;
			sourceTree = "<group>";
			versionGroupType = wrapper.xcdatamodel;
		};
/* End XCVersionGroup section */
	};
	rootObject = 459366292B1F599500E78B67 /* Project object */;
}
